
Microsoft Visual Studio Solution File, Format Version 12.00
# Visual Studio Version 17
VisualStudioVersion = 17.7.34024.191
MinimumVisualStudioVersion = 10.0.40219.1
Project("{2150E333-8FDC-42A3-9474-1A3956D46DE8}") = "src", "src", "{F12B63A0-9170-4A58-BAEB-1A51F9AB2C3F}"
EndProject
Project("{2150E333-8FDC-42A3-9474-1A3956D46DE8}") = "Core", "Core", "{C67A48E7-8CAA-4783-B0F0-48E98EC22919}"
EndProject
Project("{2150E333-8FDC-42A3-9474-1A3956D46DE8}") = "Infraestructure", "Infraestructure", "{9B7189C0-23A4-4C62-9BB7-025ACB96356F}"
EndProject
Project("{2150E333-8FDC-42A3-9474-1A3956D46DE8}") = "Presentation", "Presentation", "{47141F0B-5A87-4536-A348-482F6B06FE67}"
EndProject
Project("{9A19103F-16F7-4668-BE54-9A1E7A4F7556}") = "Application", "Application\Application.csproj", "{FAE32A66-8E6A-42F2-BFF9-C89CA7861FD8}"
EndProject
Project("{9A19103F-16F7-4668-BE54-9A1E7A4F7556}") = "Domain", "Domain\Domain.csproj", "{47559CEE-14C8-4DE7-9FD0-FC0397E4140D}"
EndProject
Project("{9A19103F-16F7-4668-BE54-9A1E7A4F7556}") = "Persistence", "Persistence\Persistence.csproj", "{4D03C0A4-6B13-4B42-955D-524CF3EB55DD}"
EndProject
Project("{9A19103F-16F7-4668-BE54-9A1E7A4F7556}") = "Shared", "Shared\Shared.csproj", "{DACCCF53-15CB-4397-9F54-A8A15C6441A6}"
EndProject
Project("{9A19103F-16F7-4668-BE54-9A1E7A4F7556}") = "WebAPI", "WebAPI\WebAPI.csproj", "{867226D7-A8F0-4FAD-9A9A-DE9B203A7D1C}"
EndProject
Project("{FAE04EC0-301F-11D3-BF4B-00C04F79EFBC}") = "Identity", "Identity\Identity.csproj", "{F671BEBB-DF47-48CB-A3DB-4BD29CE3FEEF}"
EndProject
Global
	GlobalSection(SolutionConfigurationPlatforms) = preSolution
		Debug|Any CPU = Debug|Any CPU
		Release|Any CPU = Release|Any CPU
	EndGlobalSection
	GlobalSection(ProjectConfigurationPlatforms) = postSolution
		{FAE32A66-8E6A-42F2-BFF9-C89CA7861FD8}.Debug|Any CPU.ActiveCfg = Debug|Any CPU
		{FAE32A66-8E6A-42F2-BFF9-C89CA7861FD8}.Debug|Any CPU.Build.0 = Debug|Any CPU
		{FAE32A66-8E6A-42F2-BFF9-C89CA7861FD8}.Release|Any CPU.ActiveCfg = Release|Any CPU
		{FAE32A66-8E6A-42F2-BFF9-C89CA7861FD8}.Release|Any CPU.Build.0 = Release|Any CPU
		{47559CEE-14C8-4DE7-9FD0-FC0397E4140D}.Debug|Any CPU.ActiveCfg = Debug|Any CPU
		{47559CEE-14C8-4DE7-9FD0-FC0397E4140D}.Debug|Any CPU.Build.0 = Debug|Any CPU
		{47559CEE-14C8-4DE7-9FD0-FC0397E4140D}.Release|Any CPU.ActiveCfg = Release|Any CPU
		{47559CEE-14C8-4DE7-9FD0-FC0397E4140D}.Release|Any CPU.Build.0 = Release|Any CPU
		{4D03C0A4-6B13-4B42-955D-524CF3EB55DD}.Debug|Any CPU.ActiveCfg = Debug|Any CPU
		{4D03C0A4-6B13-4B42-955D-524CF3EB55DD}.Debug|Any CPU.Build.0 = Debug|Any CPU
		{4D03C0A4-6B13-4B42-955D-524CF3EB55DD}.Release|Any CPU.ActiveCfg = Release|Any CPU
		{4D03C0A4-6B13-4B42-955D-524CF3EB55DD}.Release|Any CPU.Build.0 = Release|Any CPU
		{DACCCF53-15CB-4397-9F54-A8A15C6441A6}.Debug|Any CPU.ActiveCfg = Debug|Any CPU
		{DACCCF53-15CB-4397-9F54-A8A15C6441A6}.Debug|Any CPU.Build.0 = Debug|Any CPU
		{DACCCF53-15CB-4397-9F54-A8A15C6441A6}.Release|Any CPU.ActiveCfg = Release|Any CPU
		{DACCCF53-15CB-4397-9F54-A8A15C6441A6}.Release|Any CPU.Build.0 = Release|Any CPU
		{867226D7-A8F0-4FAD-9A9A-DE9B203A7D1C}.Debug|Any CPU.ActiveCfg = Debug|Any CPU
		{867226D7-A8F0-4FAD-9A9A-DE9B203A7D1C}.Debug|Any CPU.Build.0 = Debug|Any CPU
		{867226D7-A8F0-4FAD-9A9A-DE9B203A7D1C}.Release|Any CPU.ActiveCfg = Release|Any CPU
		{867226D7-A8F0-4FAD-9A9A-DE9B203A7D1C}.Release|Any CPU.Build.0 = Release|Any CPU
		{F671BEBB-DF47-48CB-A3DB-4BD29CE3FEEF}.Debug|Any CPU.ActiveCfg = Debug|Any CPU
		{F671BEBB-DF47-48CB-A3DB-4BD29CE3FEEF}.Debug|Any CPU.Build.0 = Debug|Any CPU
		{F671BEBB-DF47-48CB-A3DB-4BD29CE3FEEF}.Release|Any CPU.ActiveCfg = Release|Any CPU
		{F671BEBB-DF47-48CB-A3DB-4BD29CE3FEEF}.Release|Any CPU.Build.0 = Release|Any CPU
	EndGlobalSection
	GlobalSection(SolutionProperties) = preSolution
		HideSolutionNode = FALSE
	EndGlobalSection
	GlobalSection(NestedProjects) = preSolution
		{C67A48E7-8CAA-4783-B0F0-48E98EC22919} = {F12B63A0-9170-4A58-BAEB-1A51F9AB2C3F}
		{9B7189C0-23A4-4C62-9BB7-025ACB96356F} = {F12B63A0-9170-4A58-BAEB-1A51F9AB2C3F}
		{47141F0B-5A87-4536-A348-482F6B06FE67} = {F12B63A0-9170-4A58-BAEB-1A51F9AB2C3F}
		{FAE32A66-8E6A-42F2-BFF9-C89CA7861FD8} = {C67A48E7-8CAA-4783-B0F0-48E98EC22919}
		{47559CEE-14C8-4DE7-9FD0-FC0397E4140D} = {C67A48E7-8CAA-4783-B0F0-48E98EC22919}
		{4D03C0A4-6B13-4B42-955D-524CF3EB55DD} = {9B7189C0-23A4-4C62-9BB7-025ACB96356F}
		{DACCCF53-15CB-4397-9F54-A8A15C6441A6} = {9B7189C0-23A4-4C62-9BB7-025ACB96356F}
		{867226D7-A8F0-4FAD-9A9A-DE9B203A7D1C} = {47141F0B-5A87-4536-A348-482F6B06FE67}
		{F671BEBB-DF47-48CB-A3DB-4BD29CE3FEEF} = {9B7189C0-23A4-4C62-9BB7-025ACB96356F}
	EndGlobalSection
	GlobalSection(ExtensibilityGlobals) = postSolution
		SolutionGuid = {517FF6C4-BFE6-440E-B1F9-B9F9B3BD2114}
	EndGlobalSection
EndGlobal
